
Microsoft Visual Studio Solution File, Format Version 12.00
# Visual Studio Version 16
VisualStudioVersion = 16.0.29613.14
MinimumVisualStudioVersion = 10.0.40219.1
Project("{FAE04EC0-301F-11D3-BF4B-00C04F79EFBC}") = "TaskCardCreator", "TaskCardCreator\TaskCardCreator.csproj", "{CA38775A-8E6E-462F-8CB9-0E868F5483EC}"
EndProject
Project("{FAE04EC0-301F-11D3-BF4B-00C04F79EFBC}") = "ReportingFramework", "ReportingFramework\ReportingFramework.csproj", "{F963C71E-2A1F-4C0A-8C21-F27B87A726EA}"
EndProject
Project("{2150E333-8FDC-42A3-9474-1A3956D46DE8}") = "Reports", "Reports", "{D3CEF4FB-E0BA-4025-B41A-47D08F04AD38}"
EndProject
Project("{FAE04EC0-301F-11D3-BF4B-00C04F79EFBC}") = "Generic", "Reports\Generic\Generic.csproj", "{1FAE6178-33C9-43A8-9C79-3DBA934F8E30}"
	ProjectSection(ProjectDependencies) = postProject
		{CA38775A-8E6E-462F-8CB9-0E868F5483EC} = {CA38775A-8E6E-462F-8CB9-0E868F5483EC}
	EndProjectSection
EndProject
Project("{FAE04EC0-301F-11D3-BF4B-00C04F79EFBC}") = "MSFforAgile", "Reports\MSFforAgile\MSFforAgile.csproj", "{09152C41-95A8-46C7-BDB2-88C7396D50CE}"
	ProjectSection(ProjectDependencies) = postProject
		{CA38775A-8E6E-462F-8CB9-0E868F5483EC} = {CA38775A-8E6E-462F-8CB9-0E868F5483EC}
	EndProjectSection
EndProject
Project("{FAE04EC0-301F-11D3-BF4B-00C04F79EFBC}") = "MSFforAgileBasic", "Reports\MSFforAgileBasic\MSFforAgileBasic.csproj", "{18605E74-7FB7-4ED3-8305-AEFA0D16D050}"
	ProjectSection(ProjectDependencies) = postProject
		{CA38775A-8E6E-462F-8CB9-0E868F5483EC} = {CA38775A-8E6E-462F-8CB9-0E868F5483EC}
	EndProjectSection
EndProject
Project("{FAE04EC0-301F-11D3-BF4B-00C04F79EFBC}") = "ScrumBasic", "Reports\ScrumBasic\ScrumBasic.csproj", "{F8C68260-2741-4273-8E6E-42051F16B64F}"
	ProjectSection(ProjectDependencies) = postProject
		{CA38775A-8E6E-462F-8CB9-0E868F5483EC} = {CA38775A-8E6E-462F-8CB9-0E868F5483EC}
	EndProjectSection
EndProject
Project("{FAE04EC0-301F-11D3-BF4B-00C04F79EFBC}") = "ScrumCompact", "Reports\ScrumCompact\ScrumCompact.csproj", "{AE583B64-B78A-4AEA-B65D-BF178BB2C705}"
	ProjectSection(ProjectDependencies) = postProject
		{CA38775A-8E6E-462F-8CB9-0E868F5483EC} = {CA38775A-8E6E-462F-8CB9-0E868F5483EC}
	EndProjectSection
EndProject
Project("{FAE04EC0-301F-11D3-BF4B-00C04F79EFBC}") = "ScrumDescription", "Reports\ScrumDescription\ScrumDescription.csproj", "{7DBB5CEE-8F82-4B1A-8C95-A44D2BF5F9AF}"
	ProjectSection(ProjectDependencies) = postProject
		{CA38775A-8E6E-462F-8CB9-0E868F5483EC} = {CA38775A-8E6E-462F-8CB9-0E868F5483EC}
	EndProjectSection
EndProject
Project("{FAE04EC0-301F-11D3-BF4B-00C04F79EFBC}") = "ScrumDetailed", "Reports\ScrumDetailed\ScrumDetailed.csproj", "{56ACC5BE-AB9E-47B1-A91E-C42C75C58809}"
	ProjectSection(ProjectDependencies) = postProject
		{CA38775A-8E6E-462F-8CB9-0E868F5483EC} = {CA38775A-8E6E-462F-8CB9-0E868F5483EC}
	EndProjectSection
EndProject
Project("{FAE04EC0-301F-11D3-BF4B-00C04F79EFBC}") = "ScrumIndexCard3x5", "Reports\ScrumIndexCard3x5\ScrumIndexCard3x5.csproj", "{9669EF4C-246F-42B3-9B9E-1281ABE8136E}"
	ProjectSection(ProjectDependencies) = postProject
		{CA38775A-8E6E-462F-8CB9-0E868F5483EC} = {CA38775A-8E6E-462F-8CB9-0E868F5483EC}
	EndProjectSection
EndProject
Project("{2150E333-8FDC-42A3-9474-1A3956D46DE8}") = "TeamFoundationServerServices", "TeamFoundationServerServices", "{281B63FF-F259-46FC-AC37-269C10C05178}"
EndProject
Project("{FAE04EC0-301F-11D3-BF4B-00C04F79EFBC}") = "ReportInterface", "ReportInterface\ReportInterface.csproj", "{6CCC49F4-424D-4864-9E61-04D2AD8FC3F6}"
EndProject
Project("{FAE04EC0-301F-11D3-BF4B-00C04F79EFBC}") = "TaskServerServiceInterface", "TaskServerServiceInterface\TaskServerServiceInterface.csproj", "{8F858D2A-8036-405A-9657-E2DC0F8EE198}"
EndProject
Project("{2150E333-8FDC-42A3-9474-1A3956D46DE8}") = "NonMicrosoftServices", "NonMicrosoftServices", "{FE1D9F34-9F95-4F47-A2A4-BC0D138C0227}"
EndProject
Project("{FAE04EC0-301F-11D3-BF4B-00C04F79EFBC}") = "JIRAServices", "NonMicrosoftServices\JIRAServices\JIRAServices.csproj", "{25DF92D4-F0B1-40B8-AF5E-44CF9E0CA953}"
EndProject
Project("{FAE04EC0-301F-11D3-BF4B-00C04F79EFBC}") = "DemoServices", "NonMicrosoftServices\DemoServices\DemoServices.csproj", "{07A5FE79-8FCF-4EFE-B0EA-FC427E9733B7}"
EndProject
Project("{FAE04EC0-301F-11D3-BF4B-00C04F79EFBC}") = "UserDefinedReport", "Reports\UserDefinedReport\UserDefinedReport.csproj", "{215C6BDE-AA96-4A29-8D4C-AE0D324B1410}"
EndProject
Project("{FAE04EC0-301F-11D3-BF4B-00C04F79EFBC}") = "TFSIterationPathServices", "TeamFoundationServerServices\TFSIterationPathServices\TFSIterationPathServices.csproj", "{D4DCF801-F0A1-4759-AC29-25A95106FB57}"
EndProject
Project("{FAE04EC0-301F-11D3-BF4B-00C04F79EFBC}") = "TFSQueryServices", "TeamFoundationServerServices\TFSQueryServices\TFSQueryServices.csproj", "{5E001AA0-4A67-4ABE-8380-14F8E6264DF5}"
EndProject
Project("{FAE04EC0-301F-11D3-BF4B-00C04F79EFBC}") = "JiraScrumBasic", "Reports\JiraScrumBasic\JiraScrumBasic.csproj", "{6AA67E61-7FC6-4A46-8834-21E99C5E3BAD}"
EndProject
Project("{FAE04EC0-301F-11D3-BF4B-00C04F79EFBC}") = "JiraScrumCompact", "Reports\JiraScrumCompact\JiraScrumCompact.csproj", "{943F891D-A177-4D6B-A5A2-9FFFD9CE5236}"
EndProject
Project("{FAE04EC0-301F-11D3-BF4B-00C04F79EFBC}") = "JiraScrumDescription", "Reports\JiraScrumDescription\JiraScrumDescription.csproj", "{37B667F7-2BAF-4A09-9EFF-2DA30640E83B}"
EndProject
Project("{FAE04EC0-301F-11D3-BF4B-00C04F79EFBC}") = "JiraScrumDetailed", "Reports\JiraScrumDetailed\JiraScrumDetailed.csproj", "{8DB9EFDF-0527-4AF4-A8DD-32B1D29D9C93}"
EndProject
Project("{FAE04EC0-301F-11D3-BF4B-00C04F79EFBC}") = "JiraScrumIndexCard3x5", "Reports\JiraScrumIndexCard3x5\JiraScrumIndexCard3x5.csproj", "{6FE05F0F-7526-4AA1-A2E7-400D06FB20AD}"
EndProject
Project("{2150E333-8FDC-42A3-9474-1A3956D46DE8}") = "Setup", "Setup", "{84D56FD0-7AF4-4A2C-AB46-33AB62EA4E16}"
EndProject
Project("{930C7802-8A8C-48F9-8165-68863BCCD9DD}") = "Setup", "Setup\Setup\Setup.wixproj", "{0E6DCC42-5702-4B40-9580-9366B0C0E3B7}"
EndProject
Project("{930C7802-8A8C-48F9-8165-68863BCCD9DD}") = "Bootstrapper", "Setup\Bootstrapper\Bootstrapper.wixproj", "{0A6EB0C9-563F-47AC-A726-8176636D1169}"
EndProject
Project("{C7167F0D-BC9F-4E6E-AFE1-012C56B48DB5}") = "msix", "Setup\msix\msix.wapproj", "{04C0094D-AFEE-433E-A092-318D337B7EB6}"
EndProject
Global
	GlobalSection(SolutionConfigurationPlatforms) = preSolution
		Debug|Any CPU = Debug|Any CPU
		Debug|ARM = Debug|ARM
		Debug|ARM64 = Debug|ARM64
		Debug|Mixed Platforms = Debug|Mixed Platforms
		Debug|x64 = Debug|x64
		Debug|x86 = Debug|x86
		Release|Any CPU = Release|Any CPU
		Release|ARM = Release|ARM
		Release|ARM64 = Release|ARM64
		Release|Mixed Platforms = Release|Mixed Platforms
		Release|x64 = Release|x64
		Release|x86 = Release|x86
	EndGlobalSection
	GlobalSection(ProjectConfigurationPlatforms) = postSolution
		{CA38775A-8E6E-462F-8CB9-0E868F5483EC}.Debug|Any CPU.ActiveCfg = Debug|x86
		{CA38775A-8E6E-462F-8CB9-0E868F5483EC}.Debug|ARM.ActiveCfg = Debug|x86
		{CA38775A-8E6E-462F-8CB9-0E868F5483EC}.Debug|ARM64.ActiveCfg = Debug|x86
		{CA38775A-8E6E-462F-8CB9-0E868F5483EC}.Debug|Mixed Platforms.ActiveCfg = Debug|x86
		{CA38775A-8E6E-462F-8CB9-0E868F5483EC}.Debug|Mixed Platforms.Build.0 = Debug|x86
		{CA38775A-8E6E-462F-8CB9-0E868F5483EC}.Debug|x64.ActiveCfg = Debug|x86
		{CA38775A-8E6E-462F-8CB9-0E868F5483EC}.Debug|x86.ActiveCfg = Debug|x86
		{CA38775A-8E6E-462F-8CB9-0E868F5483EC}.Debug|x86.Build.0 = Debug|x86
		{CA38775A-8E6E-462F-8CB9-0E868F5483EC}.Release|Any CPU.ActiveCfg = Release|x86
		{CA38775A-8E6E-462F-8CB9-0E868F5483EC}.Release|ARM.ActiveCfg = Release|x86
		{CA38775A-8E6E-462F-8CB9-0E868F5483EC}.Release|ARM64.ActiveCfg = Release|x86
		{CA38775A-8E6E-462F-8CB9-0E868F5483EC}.Release|Mixed Platforms.ActiveCfg = Release|x86
		{CA38775A-8E6E-462F-8CB9-0E868F5483EC}.Release|Mixed Platforms.Build.0 = Release|x86
		{CA38775A-8E6E-462F-8CB9-0E868F5483EC}.Release|x64.ActiveCfg = Release|x86
		{CA38775A-8E6E-462F-8CB9-0E868F5483EC}.Release|x86.ActiveCfg = Release|x86
		{CA38775A-8E6E-462F-8CB9-0E868F5483EC}.Release|x86.Build.0 = Release|x86
		{F963C71E-2A1F-4C0A-8C21-F27B87A726EA}.Debug|Any CPU.ActiveCfg = Debug|Any CPU
		{F963C71E-2A1F-4C0A-8C21-F27B87A726EA}.Debug|Any CPU.Build.0 = Debug|Any CPU
		{F963C71E-2A1F-4C0A-8C21-F27B87A726EA}.Debug|ARM.ActiveCfg = Debug|Any CPU
		{F963C71E-2A1F-4C0A-8C21-F27B87A726EA}.Debug|ARM.Build.0 = Debug|Any CPU
		{F963C71E-2A1F-4C0A-8C21-F27B87A726EA}.Debug|ARM64.ActiveCfg = Debug|Any CPU
		{F963C71E-2A1F-4C0A-8C21-F27B87A726EA}.Debug|ARM64.Build.0 = Debug|Any CPU
		{F963C71E-2A1F-4C0A-8C21-F27B87A726EA}.Debug|Mixed Platforms.ActiveCfg = Debug|Any CPU
		{F963C71E-2A1F-4C0A-8C21-F27B87A726EA}.Debug|Mixed Platforms.Build.0 = Debug|Any CPU
		{F963C71E-2A1F-4C0A-8C21-F27B87A726EA}.Debug|x64.ActiveCfg = Debug|Any CPU
		{F963C71E-2A1F-4C0A-8C21-F27B87A726EA}.Debug|x64.Build.0 = Debug|Any CPU
		{F963C71E-2A1F-4C0A-8C21-F27B87A726EA}.Debug|x86.ActiveCfg = Debug|Any CPU
		{F963C71E-2A1F-4C0A-8C21-F27B87A726EA}.Release|Any CPU.ActiveCfg = Release|Any CPU
		{F963C71E-2A1F-4C0A-8C21-F27B87A726EA}.Release|Any CPU.Build.0 = Release|Any CPU
		{F963C71E-2A1F-4C0A-8C21-F27B87A726EA}.Release|ARM.ActiveCfg = Release|Any CPU
		{F963C71E-2A1F-4C0A-8C21-F27B87A726EA}.Release|ARM.Build.0 = Release|Any CPU
		{F963C71E-2A1F-4C0A-8C21-F27B87A726EA}.Release|ARM64.ActiveCfg = Release|Any CPU
		{F963C71E-2A1F-4C0A-8C21-F27B87A726EA}.Release|ARM64.Build.0 = Release|Any CPU
		{F963C71E-2A1F-4C0A-8C21-F27B87A726EA}.Release|Mixed Platforms.ActiveCfg = Release|Any CPU
		{F963C71E-2A1F-4C0A-8C21-F27B87A726EA}.Release|Mixed Platforms.Build.0 = Release|Any CPU
		{F963C71E-2A1F-4C0A-8C21-F27B87A726EA}.Release|x64.ActiveCfg = Release|Any CPU
		{F963C71E-2A1F-4C0A-8C21-F27B87A726EA}.Release|x64.Build.0 = Release|Any CPU
		{F963C71E-2A1F-4C0A-8C21-F27B87A726EA}.Release|x86.ActiveCfg = Release|Any CPU
		{1FAE6178-33C9-43A8-9C79-3DBA934F8E30}.Debug|Any CPU.ActiveCfg = Debug|Any CPU
		{1FAE6178-33C9-43A8-9C79-3DBA934F8E30}.Debug|Any CPU.Build.0 = Debug|Any CPU
		{1FAE6178-33C9-43A8-9C79-3DBA934F8E30}.Debug|ARM.ActiveCfg = Debug|Any CPU
		{1FAE6178-33C9-43A8-9C79-3DBA934F8E30}.Debug|ARM.Build.0 = Debug|Any CPU
		{1FAE6178-33C9-43A8-9C79-3DBA934F8E30}.Debug|ARM64.ActiveCfg = Debug|Any CPU
		{1FAE6178-33C9-43A8-9C79-3DBA934F8E30}.Debug|ARM64.Build.0 = Debug|Any CPU
		{1FAE6178-33C9-43A8-9C79-3DBA934F8E30}.Debug|Mixed Platforms.ActiveCfg = Debug|Any CPU
		{1FAE6178-33C9-43A8-9C79-3DBA934F8E30}.Debug|Mixed Platforms.Build.0 = Debug|Any CPU
		{1FAE6178-33C9-43A8-9C79-3DBA934F8E30}.Debug|x64.ActiveCfg = Debug|Any CPU
		{1FAE6178-33C9-43A8-9C79-3DBA934F8E30}.Debug|x64.Build.0 = Debug|Any CPU
		{1FAE6178-33C9-43A8-9C79-3DBA934F8E30}.Debug|x86.ActiveCfg = Debug|Any CPU
		{1FAE6178-33C9-43A8-9C79-3DBA934F8E30}.Release|Any CPU.ActiveCfg = Release|Any CPU
		{1FAE6178-33C9-43A8-9C79-3DBA934F8E30}.Release|Any CPU.Build.0 = Release|Any CPU
		{1FAE6178-33C9-43A8-9C79-3DBA934F8E30}.Release|ARM.ActiveCfg = Release|Any CPU
		{1FAE6178-33C9-43A8-9C79-3DBA934F8E30}.Release|ARM.Build.0 = Release|Any CPU
		{1FAE6178-33C9-43A8-9C79-3DBA934F8E30}.Release|ARM64.ActiveCfg = Release|Any CPU
		{1FAE6178-33C9-43A8-9C79-3DBA934F8E30}.Release|ARM64.Build.0 = Release|Any CPU
		{1FAE6178-33C9-43A8-9C79-3DBA934F8E30}.Release|Mixed Platforms.ActiveCfg = Release|Any CPU
		{1FAE6178-33C9-43A8-9C79-3DBA934F8E30}.Release|Mixed Platforms.Build.0 = Release|Any CPU
		{1FAE6178-33C9-43A8-9C79-3DBA934F8E30}.Release|x64.ActiveCfg = Release|Any CPU
		{1FAE6178-33C9-43A8-9C79-3DBA934F8E30}.Release|x64.Build.0 = Release|Any CPU
		{1FAE6178-33C9-43A8-9C79-3DBA934F8E30}.Release|x86.ActiveCfg = Release|Any CPU
		{09152C41-95A8-46C7-BDB2-88C7396D50CE}.Debug|Any CPU.ActiveCfg = Debug|Any CPU
		{09152C41-95A8-46C7-BDB2-88C7396D50CE}.Debug|Any CPU.Build.0 = Debug|Any CPU
		{09152C41-95A8-46C7-BDB2-88C7396D50CE}.Debug|ARM.ActiveCfg = Debug|Any CPU
		{09152C41-95A8-46C7-BDB2-88C7396D50CE}.Debug|ARM.Build.0 = Debug|Any CPU
		{09152C41-95A8-46C7-BDB2-88C7396D50CE}.Debug|ARM64.ActiveCfg = Debug|Any CPU
		{09152C41-95A8-46C7-BDB2-88C7396D50CE}.Debug|ARM64.Build.0 = Debug|Any CPU
		{09152C41-95A8-46C7-BDB2-88C7396D50CE}.Debug|Mixed Platforms.ActiveCfg = Debug|Any CPU
		{09152C41-95A8-46C7-BDB2-88C7396D50CE}.Debug|Mixed Platforms.Build.0 = Debug|Any CPU
		{09152C41-95A8-46C7-BDB2-88C7396D50CE}.Debug|x64.ActiveCfg = Debug|Any CPU
		{09152C41-95A8-46C7-BDB2-88C7396D50CE}.Debug|x64.Build.0 = Debug|Any CPU
		{09152C41-95A8-46C7-BDB2-88C7396D50CE}.Debug|x86.ActiveCfg = Debug|Any CPU
		{09152C41-95A8-46C7-BDB2-88C7396D50CE}.Release|Any CPU.ActiveCfg = Release|Any CPU
		{09152C41-95A8-46C7-BDB2-88C7396D50CE}.Release|Any CPU.Build.0 = Release|Any CPU
		{09152C41-95A8-46C7-BDB2-88C7396D50CE}.Release|ARM.ActiveCfg = Release|Any CPU
		{09152C41-95A8-46C7-BDB2-88C7396D50CE}.Release|ARM.Build.0 = Release|Any CPU
		{09152C41-95A8-46C7-BDB2-88C7396D50CE}.Release|ARM64.ActiveCfg = Release|Any CPU
		{09152C41-95A8-46C7-BDB2-88C7396D50CE}.Release|ARM64.Build.0 = Release|Any CPU
		{09152C41-95A8-46C7-BDB2-88C7396D50CE}.Release|Mixed Platforms.ActiveCfg = Release|Any CPU
		{09152C41-95A8-46C7-BDB2-88C7396D50CE}.Release|Mixed Platforms.Build.0 = Release|Any CPU
		{09152C41-95A8-46C7-BDB2-88C7396D50CE}.Release|x64.ActiveCfg = Release|Any CPU
		{09152C41-95A8-46C7-BDB2-88C7396D50CE}.Release|x64.Build.0 = Release|Any CPU
		{09152C41-95A8-46C7-BDB2-88C7396D50CE}.Release|x86.ActiveCfg = Release|Any CPU
		{18605E74-7FB7-4ED3-8305-AEFA0D16D050}.Debug|Any CPU.ActiveCfg = Debug|Any CPU
		{18605E74-7FB7-4ED3-8305-AEFA0D16D050}.Debug|Any CPU.Build.0 = Debug|Any CPU
		{18605E74-7FB7-4ED3-8305-AEFA0D16D050}.Debug|ARM.ActiveCfg = Debug|Any CPU
		{18605E74-7FB7-4ED3-8305-AEFA0D16D050}.Debug|ARM.Build.0 = Debug|Any CPU
		{18605E74-7FB7-4ED3-8305-AEFA0D16D050}.Debug|ARM64.ActiveCfg = Debug|Any CPU
		{18605E74-7FB7-4ED3-8305-AEFA0D16D050}.Debug|ARM64.Build.0 = Debug|Any CPU
		{18605E74-7FB7-4ED3-8305-AEFA0D16D050}.Debug|Mixed Platforms.ActiveCfg = Debug|Any CPU
		{18605E74-7FB7-4ED3-8305-AEFA0D16D050}.Debug|Mixed Platforms.Build.0 = Debug|Any CPU
		{18605E74-7FB7-4ED3-8305-AEFA0D16D050}.Debug|x64.ActiveCfg = Debug|Any CPU
		{18605E74-7FB7-4ED3-8305-AEFA0D16D050}.Debug|x64.Build.0 = Debug|Any CPU
		{18605E74-7FB7-4ED3-8305-AEFA0D16D050}.Debug|x86.ActiveCfg = Debug|Any CPU
		{18605E74-7FB7-4ED3-8305-AEFA0D16D050}.Release|Any CPU.ActiveCfg = Release|Any CPU
		{18605E74-7FB7-4ED3-8305-AEFA0D16D050}.Release|Any CPU.Build.0 = Release|Any CPU
		{18605E74-7FB7-4ED3-8305-AEFA0D16D050}.Release|ARM.ActiveCfg = Release|Any CPU
		{18605E74-7FB7-4ED3-8305-AEFA0D16D050}.Release|ARM.Build.0 = Release|Any CPU
		{18605E74-7FB7-4ED3-8305-AEFA0D16D050}.Release|ARM64.ActiveCfg = Release|Any CPU
		{18605E74-7FB7-4ED3-8305-AEFA0D16D050}.Release|ARM64.Build.0 = Release|Any CPU
		{18605E74-7FB7-4ED3-8305-AEFA0D16D050}.Release|Mixed Platforms.ActiveCfg = Release|Any CPU
		{18605E74-7FB7-4ED3-8305-AEFA0D16D050}.Release|Mixed Platforms.Build.0 = Release|Any CPU
		{18605E74-7FB7-4ED3-8305-AEFA0D16D050}.Release|x64.ActiveCfg = Release|Any CPU
		{18605E74-7FB7-4ED3-8305-AEFA0D16D050}.Release|x64.Build.0 = Release|Any CPU
		{18605E74-7FB7-4ED3-8305-AEFA0D16D050}.Release|x86.ActiveCfg = Release|Any CPU
		{F8C68260-2741-4273-8E6E-42051F16B64F}.Debug|Any CPU.ActiveCfg = Debug|Any CPU
		{F8C68260-2741-4273-8E6E-42051F16B64F}.Debug|Any CPU.Build.0 = Debug|Any CPU
		{F8C68260-2741-4273-8E6E-42051F16B64F}.Debug|ARM.ActiveCfg = Debug|Any CPU
		{F8C68260-2741-4273-8E6E-42051F16B64F}.Debug|ARM.Build.0 = Debug|Any CPU
		{F8C68260-2741-4273-8E6E-42051F16B64F}.Debug|ARM64.ActiveCfg = Debug|Any CPU
		{F8C68260-2741-4273-8E6E-42051F16B64F}.Debug|ARM64.Build.0 = Debug|Any CPU
		{F8C68260-2741-4273-8E6E-42051F16B64F}.Debug|Mixed Platforms.ActiveCfg = Debug|Any CPU
		{F8C68260-2741-4273-8E6E-42051F16B64F}.Debug|Mixed Platforms.Build.0 = Debug|Any CPU
		{F8C68260-2741-4273-8E6E-42051F16B64F}.Debug|x64.ActiveCfg = Debug|Any CPU
		{F8C68260-2741-4273-8E6E-42051F16B64F}.Debug|x64.Build.0 = Debug|Any CPU
		{F8C68260-2741-4273-8E6E-42051F16B64F}.Debug|x86.ActiveCfg = Debug|Any CPU
		{F8C68260-2741-4273-8E6E-42051F16B64F}.Release|Any CPU.ActiveCfg = Release|Any CPU
		{F8C68260-2741-4273-8E6E-42051F16B64F}.Release|Any CPU.Build.0 = Release|Any CPU
		{F8C68260-2741-4273-8E6E-42051F16B64F}.Release|ARM.ActiveCfg = Release|Any CPU
		{F8C68260-2741-4273-8E6E-42051F16B64F}.Release|ARM.Build.0 = Release|Any CPU
		{F8C68260-2741-4273-8E6E-42051F16B64F}.Release|ARM64.ActiveCfg = Release|Any CPU
		{F8C68260-2741-4273-8E6E-42051F16B64F}.Release|ARM64.Build.0 = Release|Any CPU
		{F8C68260-2741-4273-8E6E-42051F16B64F}.Release|Mixed Platforms.ActiveCfg = Release|Any CPU
		{F8C68260-2741-4273-8E6E-42051F16B64F}.Release|Mixed Platforms.Build.0 = Release|Any CPU
		{F8C68260-2741-4273-8E6E-42051F16B64F}.Release|x64.ActiveCfg = Release|Any CPU
		{F8C68260-2741-4273-8E6E-42051F16B64F}.Release|x64.Build.0 = Release|Any CPU
		{F8C68260-2741-4273-8E6E-42051F16B64F}.Release|x86.ActiveCfg = Release|Any CPU
		{AE583B64-B78A-4AEA-B65D-BF178BB2C705}.Debug|Any CPU.ActiveCfg = Debug|Any CPU
		{AE583B64-B78A-4AEA-B65D-BF178BB2C705}.Debug|Any CPU.Build.0 = Debug|Any CPU
		{AE583B64-B78A-4AEA-B65D-BF178BB2C705}.Debug|ARM.ActiveCfg = Debug|Any CPU
		{AE583B64-B78A-4AEA-B65D-BF178BB2C705}.Debug|ARM.Build.0 = Debug|Any CPU
		{AE583B64-B78A-4AEA-B65D-BF178BB2C705}.Debug|ARM64.ActiveCfg = Debug|Any CPU
		{AE583B64-B78A-4AEA-B65D-BF178BB2C705}.Debug|ARM64.Build.0 = Debug|Any CPU
		{AE583B64-B78A-4AEA-B65D-BF178BB2C705}.Debug|Mixed Platforms.ActiveCfg = Debug|Any CPU
		{AE583B64-B78A-4AEA-B65D-BF178BB2C705}.Debug|Mixed Platforms.Build.0 = Debug|Any CPU
		{AE583B64-B78A-4AEA-B65D-BF178BB2C705}.Debug|x64.ActiveCfg = Debug|Any CPU
		{AE583B64-B78A-4AEA-B65D-BF178BB2C705}.Debug|x64.Build.0 = Debug|Any CPU
		{AE583B64-B78A-4AEA-B65D-BF178BB2C705}.Debug|x86.ActiveCfg = Debug|Any CPU
		{AE583B64-B78A-4AEA-B65D-BF178BB2C705}.Release|Any CPU.ActiveCfg = Release|Any CPU
		{AE583B64-B78A-4AEA-B65D-BF178BB2C705}.Release|Any CPU.Build.0 = Release|Any CPU
		{AE583B64-B78A-4AEA-B65D-BF178BB2C705}.Release|ARM.ActiveCfg = Release|Any CPU
		{AE583B64-B78A-4AEA-B65D-BF178BB2C705}.Release|ARM.Build.0 = Release|Any CPU
		{AE583B64-B78A-4AEA-B65D-BF178BB2C705}.Release|ARM64.ActiveCfg = Release|Any CPU
		{AE583B64-B78A-4AEA-B65D-BF178BB2C705}.Release|ARM64.Build.0 = Release|Any CPU
		{AE583B64-B78A-4AEA-B65D-BF178BB2C705}.Release|Mixed Platforms.ActiveCfg = Release|Any CPU
		{AE583B64-B78A-4AEA-B65D-BF178BB2C705}.Release|Mixed Platforms.Build.0 = Release|Any CPU
		{AE583B64-B78A-4AEA-B65D-BF178BB2C705}.Release|x64.ActiveCfg = Release|Any CPU
		{AE583B64-B78A-4AEA-B65D-BF178BB2C705}.Release|x64.Build.0 = Release|Any CPU
		{AE583B64-B78A-4AEA-B65D-BF178BB2C705}.Release|x86.ActiveCfg = Release|Any CPU
		{7DBB5CEE-8F82-4B1A-8C95-A44D2BF5F9AF}.Debug|Any CPU.ActiveCfg = Debug|Any CPU
		{7DBB5CEE-8F82-4B1A-8C95-A44D2BF5F9AF}.Debug|Any CPU.Build.0 = Debug|Any CPU
		{7DBB5CEE-8F82-4B1A-8C95-A44D2BF5F9AF}.Debug|ARM.ActiveCfg = Debug|Any CPU
		{7DBB5CEE-8F82-4B1A-8C95-A44D2BF5F9AF}.Debug|ARM.Build.0 = Debug|Any CPU
		{7DBB5CEE-8F82-4B1A-8C95-A44D2BF5F9AF}.Debug|ARM64.ActiveCfg = Debug|Any CPU
		{7DBB5CEE-8F82-4B1A-8C95-A44D2BF5F9AF}.Debug|ARM64.Build.0 = Debug|Any CPU
		{7DBB5CEE-8F82-4B1A-8C95-A44D2BF5F9AF}.Debug|Mixed Platforms.ActiveCfg = Debug|Any CPU
		{7DBB5CEE-8F82-4B1A-8C95-A44D2BF5F9AF}.Debug|Mixed Platforms.Build.0 = Debug|Any CPU
		{7DBB5CEE-8F82-4B1A-8C95-A44D2BF5F9AF}.Debug|x64.ActiveCfg = Debug|Any CPU
		{7DBB5CEE-8F82-4B1A-8C95-A44D2BF5F9AF}.Debug|x64.Build.0 = Debug|Any CPU
		{7DBB5CEE-8F82-4B1A-8C95-A44D2BF5F9AF}.Debug|x86.ActiveCfg = Debug|Any CPU
		{7DBB5CEE-8F82-4B1A-8C95-A44D2BF5F9AF}.Release|Any CPU.ActiveCfg = Release|Any CPU
		{7DBB5CEE-8F82-4B1A-8C95-A44D2BF5F9AF}.Release|Any CPU.Build.0 = Release|Any CPU
		{7DBB5CEE-8F82-4B1A-8C95-A44D2BF5F9AF}.Release|ARM.ActiveCfg = Release|Any CPU
		{7DBB5CEE-8F82-4B1A-8C95-A44D2BF5F9AF}.Release|ARM.Build.0 = Release|Any CPU
		{7DBB5CEE-8F82-4B1A-8C95-A44D2BF5F9AF}.Release|ARM64.ActiveCfg = Release|Any CPU
		{7DBB5CEE-8F82-4B1A-8C95-A44D2BF5F9AF}.Release|ARM64.Build.0 = Release|Any CPU
		{7DBB5CEE-8F82-4B1A-8C95-A44D2BF5F9AF}.Release|Mixed Platforms.ActiveCfg = Release|Any CPU
		{7DBB5CEE-8F82-4B1A-8C95-A44D2BF5F9AF}.Release|Mixed Platforms.Build.0 = Release|Any CPU
		{7DBB5CEE-8F82-4B1A-8C95-A44D2BF5F9AF}.Release|x64.ActiveCfg = Release|Any CPU
		{7DBB5CEE-8F82-4B1A-8C95-A44D2BF5F9AF}.Release|x64.Build.0 = Release|Any CPU
		{7DBB5CEE-8F82-4B1A-8C95-A44D2BF5F9AF}.Release|x86.ActiveCfg = Release|Any CPU
		{56ACC5BE-AB9E-47B1-A91E-C42C75C58809}.Debug|Any CPU.ActiveCfg = Debug|Any CPU
		{56ACC5BE-AB9E-47B1-A91E-C42C75C58809}.Debug|Any CPU.Build.0 = Debug|Any CPU
		{56ACC5BE-AB9E-47B1-A91E-C42C75C58809}.Debug|ARM.ActiveCfg = Debug|Any CPU
		{56ACC5BE-AB9E-47B1-A91E-C42C75C58809}.Debug|ARM.Build.0 = Debug|Any CPU
		{56ACC5BE-AB9E-47B1-A91E-C42C75C58809}.Debug|ARM64.ActiveCfg = Debug|Any CPU
		{56ACC5BE-AB9E-47B1-A91E-C42C75C58809}.Debug|ARM64.Build.0 = Debug|Any CPU
		{56ACC5BE-AB9E-47B1-A91E-C42C75C58809}.Debug|Mixed Platforms.ActiveCfg = Debug|Any CPU
		{56ACC5BE-AB9E-47B1-A91E-C42C75C58809}.Debug|Mixed Platforms.Build.0 = Debug|Any CPU
		{56ACC5BE-AB9E-47B1-A91E-C42C75C58809}.Debug|x64.ActiveCfg = Debug|Any CPU
		{56ACC5BE-AB9E-47B1-A91E-C42C75C58809}.Debug|x64.Build.0 = Debug|Any CPU
		{56ACC5BE-AB9E-47B1-A91E-C42C75C58809}.Debug|x86.ActiveCfg = Debug|Any CPU
		{56ACC5BE-AB9E-47B1-A91E-C42C75C58809}.Release|Any CPU.ActiveCfg = Release|Any CPU
		{56ACC5BE-AB9E-47B1-A91E-C42C75C58809}.Release|Any CPU.Build.0 = Release|Any CPU
		{56ACC5BE-AB9E-47B1-A91E-C42C75C58809}.Release|ARM.ActiveCfg = Release|Any CPU
		{56ACC5BE-AB9E-47B1-A91E-C42C75C58809}.Release|ARM.Build.0 = Release|Any CPU
		{56ACC5BE-AB9E-47B1-A91E-C42C75C58809}.Release|ARM64.ActiveCfg = Release|Any CPU
		{56ACC5BE-AB9E-47B1-A91E-C42C75C58809}.Release|ARM64.Build.0 = Release|Any CPU
		{56ACC5BE-AB9E-47B1-A91E-C42C75C58809}.Release|Mixed Platforms.ActiveCfg = Release|Any CPU
		{56ACC5BE-AB9E-47B1-A91E-C42C75C58809}.Release|Mixed Platforms.Build.0 = Release|Any CPU
		{56ACC5BE-AB9E-47B1-A91E-C42C75C58809}.Release|x64.ActiveCfg = Release|Any CPU
		{56ACC5BE-AB9E-47B1-A91E-C42C75C58809}.Release|x64.Build.0 = Release|Any CPU
		{56ACC5BE-AB9E-47B1-A91E-C42C75C58809}.Release|x86.ActiveCfg = Release|Any CPU
		{9669EF4C-246F-42B3-9B9E-1281ABE8136E}.Debug|Any CPU.ActiveCfg = Debug|Any CPU
		{9669EF4C-246F-42B3-9B9E-1281ABE8136E}.Debug|Any CPU.Build.0 = Debug|Any CPU
		{9669EF4C-246F-42B3-9B9E-1281ABE8136E}.Debug|ARM.ActiveCfg = Debug|Any CPU
		{9669EF4C-246F-42B3-9B9E-1281ABE8136E}.Debug|ARM.Build.0 = Debug|Any CPU
		{9669EF4C-246F-42B3-9B9E-1281ABE8136E}.Debug|ARM64.ActiveCfg = Debug|Any CPU
		{9669EF4C-246F-42B3-9B9E-1281ABE8136E}.Debug|ARM64.Build.0 = Debug|Any CPU
		{9669EF4C-246F-42B3-9B9E-1281ABE8136E}.Debug|Mixed Platforms.ActiveCfg = Debug|Any CPU
		{9669EF4C-246F-42B3-9B9E-1281ABE8136E}.Debug|Mixed Platforms.Build.0 = Debug|Any CPU
		{9669EF4C-246F-42B3-9B9E-1281ABE8136E}.Debug|x64.ActiveCfg = Debug|Any CPU
		{9669EF4C-246F-42B3-9B9E-1281ABE8136E}.Debug|x64.Build.0 = Debug|Any CPU
		{9669EF4C-246F-42B3-9B9E-1281ABE8136E}.Debug|x86.ActiveCfg = Debug|Any CPU
		{9669EF4C-246F-42B3-9B9E-1281ABE8136E}.Release|Any CPU.ActiveCfg = Release|Any CPU
		{9669EF4C-246F-42B3-9B9E-1281ABE8136E}.Release|Any CPU.Build.0 = Release|Any CPU
		{9669EF4C-246F-42B3-9B9E-1281ABE8136E}.Release|ARM.ActiveCfg = Release|Any CPU
		{9669EF4C-246F-42B3-9B9E-1281ABE8136E}.Release|ARM.Build.0 = Release|Any CPU
		{9669EF4C-246F-42B3-9B9E-1281ABE8136E}.Release|ARM64.ActiveCfg = Release|Any CPU
		{9669EF4C-246F-42B3-9B9E-1281ABE8136E}.Release|ARM64.Build.0 = Release|Any CPU
		{9669EF4C-246F-42B3-9B9E-1281ABE8136E}.Release|Mixed Platforms.ActiveCfg = Release|Any CPU
		{9669EF4C-246F-42B3-9B9E-1281ABE8136E}.Release|Mixed Platforms.Build.0 = Release|Any CPU
		{9669EF4C-246F-42B3-9B9E-1281ABE8136E}.Release|x64.ActiveCfg = Release|Any CPU
		{9669EF4C-246F-42B3-9B9E-1281ABE8136E}.Release|x64.Build.0 = Release|Any CPU
		{9669EF4C-246F-42B3-9B9E-1281ABE8136E}.Release|x86.ActiveCfg = Release|Any CPU
		{6CCC49F4-424D-4864-9E61-04D2AD8FC3F6}.Debug|Any CPU.ActiveCfg = Debug|Any CPU
		{6CCC49F4-424D-4864-9E61-04D2AD8FC3F6}.Debug|Any CPU.Build.0 = Debug|Any CPU
		{6CCC49F4-424D-4864-9E61-04D2AD8FC3F6}.Debug|ARM.ActiveCfg = Debug|Any CPU
		{6CCC49F4-424D-4864-9E61-04D2AD8FC3F6}.Debug|ARM.Build.0 = Debug|Any CPU
		{6CCC49F4-424D-4864-9E61-04D2AD8FC3F6}.Debug|ARM64.ActiveCfg = Debug|Any CPU
		{6CCC49F4-424D-4864-9E61-04D2AD8FC3F6}.Debug|ARM64.Build.0 = Debug|Any CPU
		{6CCC49F4-424D-4864-9E61-04D2AD8FC3F6}.Debug|Mixed Platforms.ActiveCfg = Debug|Any CPU
		{6CCC49F4-424D-4864-9E61-04D2AD8FC3F6}.Debug|Mixed Platforms.Build.0 = Debug|Any CPU
		{6CCC49F4-424D-4864-9E61-04D2AD8FC3F6}.Debug|x64.ActiveCfg = Debug|Any CPU
		{6CCC49F4-424D-4864-9E61-04D2AD8FC3F6}.Debug|x64.Build.0 = Debug|Any CPU
		{6CCC49F4-424D-4864-9E61-04D2AD8FC3F6}.Debug|x86.ActiveCfg = Debug|Any CPU
		{6CCC49F4-424D-4864-9E61-04D2AD8FC3F6}.Release|Any CPU.ActiveCfg = Release|Any CPU
		{6CCC49F4-424D-4864-9E61-04D2AD8FC3F6}.Release|Any CPU.Build.0 = Release|Any CPU
		{6CCC49F4-424D-4864-9E61-04D2AD8FC3F6}.Release|ARM.ActiveCfg = Release|Any CPU
		{6CCC49F4-424D-4864-9E61-04D2AD8FC3F6}.Release|ARM.Build.0 = Release|Any CPU
		{6CCC49F4-424D-4864-9E61-04D2AD8FC3F6}.Release|ARM64.ActiveCfg = Release|Any CPU
		{6CCC49F4-424D-4864-9E61-04D2AD8FC3F6}.Release|ARM64.Build.0 = Release|Any CPU
		{6CCC49F4-424D-4864-9E61-04D2AD8FC3F6}.Release|Mixed Platforms.ActiveCfg = Release|Any CPU
		{6CCC49F4-424D-4864-9E61-04D2AD8FC3F6}.Release|Mixed Platforms.Build.0 = Release|Any CPU
		{6CCC49F4-424D-4864-9E61-04D2AD8FC3F6}.Release|x64.ActiveCfg = Release|Any CPU
		{6CCC49F4-424D-4864-9E61-04D2AD8FC3F6}.Release|x64.Build.0 = Release|Any CPU
		{6CCC49F4-424D-4864-9E61-04D2AD8FC3F6}.Release|x86.ActiveCfg = Release|Any CPU
		{8F858D2A-8036-405A-9657-E2DC0F8EE198}.Debug|Any CPU.ActiveCfg = Debug|Any CPU
		{8F858D2A-8036-405A-9657-E2DC0F8EE198}.Debug|Any CPU.Build.0 = Debug|Any CPU
		{8F858D2A-8036-405A-9657-E2DC0F8EE198}.Debug|ARM.ActiveCfg = Debug|Any CPU
		{8F858D2A-8036-405A-9657-E2DC0F8EE198}.Debug|ARM.Build.0 = Debug|Any CPU
		{8F858D2A-8036-405A-9657-E2DC0F8EE198}.Debug|ARM64.ActiveCfg = Debug|Any CPU
		{8F858D2A-8036-405A-9657-E2DC0F8EE198}.Debug|ARM64.Build.0 = Debug|Any CPU
		{8F858D2A-8036-405A-9657-E2DC0F8EE198}.Debug|Mixed Platforms.ActiveCfg = Debug|Any CPU
		{8F858D2A-8036-405A-9657-E2DC0F8EE198}.Debug|Mixed Platforms.Build.0 = Debug|Any CPU
		{8F858D2A-8036-405A-9657-E2DC0F8EE198}.Debug|x64.ActiveCfg = Debug|Any CPU
		{8F858D2A-8036-405A-9657-E2DC0F8EE198}.Debug|x64.Build.0 = Debug|Any CPU
		{8F858D2A-8036-405A-9657-E2DC0F8EE198}.Debug|x86.ActiveCfg = Debug|Any CPU
		{8F858D2A-8036-405A-9657-E2DC0F8EE198}.Release|Any CPU.ActiveCfg = Release|Any CPU
		{8F858D2A-8036-405A-9657-E2DC0F8EE198}.Release|Any CPU.Build.0 = Release|Any CPU
		{8F858D2A-8036-405A-9657-E2DC0F8EE198}.Release|ARM.ActiveCfg = Release|Any CPU
		{8F858D2A-8036-405A-9657-E2DC0F8EE198}.Release|ARM.Build.0 = Release|Any CPU
		{8F858D2A-8036-405A-9657-E2DC0F8EE198}.Release|ARM64.ActiveCfg = Release|Any CPU
		{8F858D2A-8036-405A-9657-E2DC0F8EE198}.Release|ARM64.Build.0 = Release|Any CPU
		{8F858D2A-8036-405A-9657-E2DC0F8EE198}.Release|Mixed Platforms.ActiveCfg = Release|Any CPU
		{8F858D2A-8036-405A-9657-E2DC0F8EE198}.Release|Mixed Platforms.Build.0 = Release|Any CPU
		{8F858D2A-8036-405A-9657-E2DC0F8EE198}.Release|x64.ActiveCfg = Release|Any CPU
		{8F858D2A-8036-405A-9657-E2DC0F8EE198}.Release|x64.Build.0 = Release|Any CPU
		{8F858D2A-8036-405A-9657-E2DC0F8EE198}.Release|x86.ActiveCfg = Release|Any CPU
		{25DF92D4-F0B1-40B8-AF5E-44CF9E0CA953}.Debug|Any CPU.ActiveCfg = Debug|Any CPU
		{25DF92D4-F0B1-40B8-AF5E-44CF9E0CA953}.Debug|Any CPU.Build.0 = Debug|Any CPU
		{25DF92D4-F0B1-40B8-AF5E-44CF9E0CA953}.Debug|ARM.ActiveCfg = Debug|Any CPU
		{25DF92D4-F0B1-40B8-AF5E-44CF9E0CA953}.Debug|ARM.Build.0 = Debug|Any CPU
		{25DF92D4-F0B1-40B8-AF5E-44CF9E0CA953}.Debug|ARM64.ActiveCfg = Debug|Any CPU
		{25DF92D4-F0B1-40B8-AF5E-44CF9E0CA953}.Debug|ARM64.Build.0 = Debug|Any CPU
		{25DF92D4-F0B1-40B8-AF5E-44CF9E0CA953}.Debug|Mixed Platforms.ActiveCfg = Debug|Any CPU
		{25DF92D4-F0B1-40B8-AF5E-44CF9E0CA953}.Debug|Mixed Platforms.Build.0 = Debug|Any CPU
		{25DF92D4-F0B1-40B8-AF5E-44CF9E0CA953}.Debug|x64.ActiveCfg = Debug|Any CPU
		{25DF92D4-F0B1-40B8-AF5E-44CF9E0CA953}.Debug|x64.Build.0 = Debug|Any CPU
		{25DF92D4-F0B1-40B8-AF5E-44CF9E0CA953}.Debug|x86.ActiveCfg = Debug|Any CPU
		{25DF92D4-F0B1-40B8-AF5E-44CF9E0CA953}.Release|Any CPU.ActiveCfg = Release|Any CPU
		{25DF92D4-F0B1-40B8-AF5E-44CF9E0CA953}.Release|Any CPU.Build.0 = Release|Any CPU
		{25DF92D4-F0B1-40B8-AF5E-44CF9E0CA953}.Release|ARM.ActiveCfg = Release|Any CPU
		{25DF92D4-F0B1-40B8-AF5E-44CF9E0CA953}.Release|ARM.Build.0 = Release|Any CPU
		{25DF92D4-F0B1-40B8-AF5E-44CF9E0CA953}.Release|ARM64.ActiveCfg = Release|Any CPU
		{25DF92D4-F0B1-40B8-AF5E-44CF9E0CA953}.Release|ARM64.Build.0 = Release|Any CPU
		{25DF92D4-F0B1-40B8-AF5E-44CF9E0CA953}.Release|Mixed Platforms.ActiveCfg = Release|Any CPU
		{25DF92D4-F0B1-40B8-AF5E-44CF9E0CA953}.Release|Mixed Platforms.Build.0 = Release|Any CPU
		{25DF92D4-F0B1-40B8-AF5E-44CF9E0CA953}.Release|x64.ActiveCfg = Release|Any CPU
		{25DF92D4-F0B1-40B8-AF5E-44CF9E0CA953}.Release|x64.Build.0 = Release|Any CPU
		{25DF92D4-F0B1-40B8-AF5E-44CF9E0CA953}.Release|x86.ActiveCfg = Release|Any CPU
		{07A5FE79-8FCF-4EFE-B0EA-FC427E9733B7}.Debug|Any CPU.ActiveCfg = Debug|Any CPU
		{07A5FE79-8FCF-4EFE-B0EA-FC427E9733B7}.Debug|Any CPU.Build.0 = Debug|Any CPU
		{07A5FE79-8FCF-4EFE-B0EA-FC427E9733B7}.Debug|ARM.ActiveCfg = Debug|Any CPU
		{07A5FE79-8FCF-4EFE-B0EA-FC427E9733B7}.Debug|ARM.Build.0 = Debug|Any CPU
		{07A5FE79-8FCF-4EFE-B0EA-FC427E9733B7}.Debug|ARM64.ActiveCfg = Debug|Any CPU
		{07A5FE79-8FCF-4EFE-B0EA-FC427E9733B7}.Debug|ARM64.Build.0 = Debug|Any CPU
		{07A5FE79-8FCF-4EFE-B0EA-FC427E9733B7}.Debug|Mixed Platforms.ActiveCfg = Debug|Any CPU
		{07A5FE79-8FCF-4EFE-B0EA-FC427E9733B7}.Debug|Mixed Platforms.Build.0 = Debug|Any CPU
		{07A5FE79-8FCF-4EFE-B0EA-FC427E9733B7}.Debug|x64.ActiveCfg = Debug|Any CPU
		{07A5FE79-8FCF-4EFE-B0EA-FC427E9733B7}.Debug|x64.Build.0 = Debug|Any CPU
		{07A5FE79-8FCF-4EFE-B0EA-FC427E9733B7}.Debug|x86.ActiveCfg = Debug|Any CPU
		{07A5FE79-8FCF-4EFE-B0EA-FC427E9733B7}.Release|Any CPU.ActiveCfg = Release|Any CPU
		{07A5FE79-8FCF-4EFE-B0EA-FC427E9733B7}.Release|Any CPU.Build.0 = Release|Any CPU
		{07A5FE79-8FCF-4EFE-B0EA-FC427E9733B7}.Release|ARM.ActiveCfg = Release|Any CPU
		{07A5FE79-8FCF-4EFE-B0EA-FC427E9733B7}.Release|ARM.Build.0 = Release|Any CPU
		{07A5FE79-8FCF-4EFE-B0EA-FC427E9733B7}.Release|ARM64.ActiveCfg = Release|Any CPU
		{07A5FE79-8FCF-4EFE-B0EA-FC427E9733B7}.Release|ARM64.Build.0 = Release|Any CPU
		{07A5FE79-8FCF-4EFE-B0EA-FC427E9733B7}.Release|Mixed Platforms.ActiveCfg = Release|Any CPU
		{07A5FE79-8FCF-4EFE-B0EA-FC427E9733B7}.Release|Mixed Platforms.Build.0 = Release|Any CPU
		{07A5FE79-8FCF-4EFE-B0EA-FC427E9733B7}.Release|x64.ActiveCfg = Release|Any CPU
		{07A5FE79-8FCF-4EFE-B0EA-FC427E9733B7}.Release|x64.Build.0 = Release|Any CPU
		{07A5FE79-8FCF-4EFE-B0EA-FC427E9733B7}.Release|x86.ActiveCfg = Release|Any CPU
		{215C6BDE-AA96-4A29-8D4C-AE0D324B1410}.Debug|Any CPU.ActiveCfg = Debug|Any CPU
		{215C6BDE-AA96-4A29-8D4C-AE0D324B1410}.Debug|Any CPU.Build.0 = Debug|Any CPU
		{215C6BDE-AA96-4A29-8D4C-AE0D324B1410}.Debug|ARM.ActiveCfg = Debug|Any CPU
		{215C6BDE-AA96-4A29-8D4C-AE0D324B1410}.Debug|ARM.Build.0 = Debug|Any CPU
		{215C6BDE-AA96-4A29-8D4C-AE0D324B1410}.Debug|ARM64.ActiveCfg = Debug|Any CPU
		{215C6BDE-AA96-4A29-8D4C-AE0D324B1410}.Debug|ARM64.Build.0 = Debug|Any CPU
		{215C6BDE-AA96-4A29-8D4C-AE0D324B1410}.Debug|Mixed Platforms.ActiveCfg = Debug|Any CPU
		{215C6BDE-AA96-4A29-8D4C-AE0D324B1410}.Debug|Mixed Platforms.Build.0 = Debug|Any CPU
		{215C6BDE-AA96-4A29-8D4C-AE0D324B1410}.Debug|x64.ActiveCfg = Debug|Any CPU
		{215C6BDE-AA96-4A29-8D4C-AE0D324B1410}.Debug|x64.Build.0 = Debug|Any CPU
		{215C6BDE-AA96-4A29-8D4C-AE0D324B1410}.Debug|x86.ActiveCfg = Debug|Any CPU
		{215C6BDE-AA96-4A29-8D4C-AE0D324B1410}.Release|Any CPU.ActiveCfg = Release|Any CPU
		{215C6BDE-AA96-4A29-8D4C-AE0D324B1410}.Release|Any CPU.Build.0 = Release|Any CPU
		{215C6BDE-AA96-4A29-8D4C-AE0D324B1410}.Release|ARM.ActiveCfg = Release|Any CPU
		{215C6BDE-AA96-4A29-8D4C-AE0D324B1410}.Release|ARM.Build.0 = Release|Any CPU
		{215C6BDE-AA96-4A29-8D4C-AE0D324B1410}.Release|ARM64.ActiveCfg = Release|Any CPU
		{215C6BDE-AA96-4A29-8D4C-AE0D324B1410}.Release|ARM64.Build.0 = Release|Any CPU
		{215C6BDE-AA96-4A29-8D4C-AE0D324B1410}.Release|Mixed Platforms.ActiveCfg = Release|Any CPU
		{215C6BDE-AA96-4A29-8D4C-AE0D324B1410}.Release|Mixed Platforms.Build.0 = Release|Any CPU
		{215C6BDE-AA96-4A29-8D4C-AE0D324B1410}.Release|x64.ActiveCfg = Release|Any CPU
		{215C6BDE-AA96-4A29-8D4C-AE0D324B1410}.Release|x64.Build.0 = Release|Any CPU
		{215C6BDE-AA96-4A29-8D4C-AE0D324B1410}.Release|x86.ActiveCfg = Release|Any CPU
		{D4DCF801-F0A1-4759-AC29-25A95106FB57}.Debug|Any CPU.ActiveCfg = Debug|Any CPU
		{D4DCF801-F0A1-4759-AC29-25A95106FB57}.Debug|Any CPU.Build.0 = Debug|Any CPU
		{D4DCF801-F0A1-4759-AC29-25A95106FB57}.Debug|ARM.ActiveCfg = Debug|Any CPU
		{D4DCF801-F0A1-4759-AC29-25A95106FB57}.Debug|ARM.Build.0 = Debug|Any CPU
		{D4DCF801-F0A1-4759-AC29-25A95106FB57}.Debug|ARM64.ActiveCfg = Debug|Any CPU
		{D4DCF801-F0A1-4759-AC29-25A95106FB57}.Debug|ARM64.Build.0 = Debug|Any CPU
		{D4DCF801-F0A1-4759-AC29-25A95106FB57}.Debug|Mixed Platforms.ActiveCfg = Debug|Any CPU
		{D4DCF801-F0A1-4759-AC29-25A95106FB57}.Debug|Mixed Platforms.Build.0 = Debug|Any CPU
		{D4DCF801-F0A1-4759-AC29-25A95106FB57}.Debug|x64.ActiveCfg = Debug|Any CPU
		{D4DCF801-F0A1-4759-AC29-25A95106FB57}.Debug|x64.Build.0 = Debug|Any CPU
		{D4DCF801-F0A1-4759-AC29-25A95106FB57}.Debug|x86.ActiveCfg = Debug|Any CPU
		{D4DCF801-F0A1-4759-AC29-25A95106FB57}.Debug|x86.Build.0 = Debug|Any CPU
		{D4DCF801-F0A1-4759-AC29-25A95106FB57}.Release|Any CPU.ActiveCfg = Release|Any CPU
		{D4DCF801-F0A1-4759-AC29-25A95106FB57}.Release|Any CPU.Build.0 = Release|Any CPU
		{D4DCF801-F0A1-4759-AC29-25A95106FB57}.Release|ARM.ActiveCfg = Release|Any CPU
		{D4DCF801-F0A1-4759-AC29-25A95106FB57}.Release|ARM.Build.0 = Release|Any CPU
		{D4DCF801-F0A1-4759-AC29-25A95106FB57}.Release|ARM64.ActiveCfg = Release|Any CPU
		{D4DCF801-F0A1-4759-AC29-25A95106FB57}.Release|ARM64.Build.0 = Release|Any CPU
		{D4DCF801-F0A1-4759-AC29-25A95106FB57}.Release|Mixed Platforms.ActiveCfg = Release|Any CPU
		{D4DCF801-F0A1-4759-AC29-25A95106FB57}.Release|Mixed Platforms.Build.0 = Release|Any CPU
		{D4DCF801-F0A1-4759-AC29-25A95106FB57}.Release|x64.ActiveCfg = Release|Any CPU
		{D4DCF801-F0A1-4759-AC29-25A95106FB57}.Release|x64.Build.0 = Release|Any CPU
		{D4DCF801-F0A1-4759-AC29-25A95106FB57}.Release|x86.ActiveCfg = Release|Any CPU
		{D4DCF801-F0A1-4759-AC29-25A95106FB57}.Release|x86.Build.0 = Release|Any CPU
		{5E001AA0-4A67-4ABE-8380-14F8E6264DF5}.Debug|Any CPU.ActiveCfg = Debug|Any CPU
		{5E001AA0-4A67-4ABE-8380-14F8E6264DF5}.Debug|Any CPU.Build.0 = Debug|Any CPU
		{5E001AA0-4A67-4ABE-8380-14F8E6264DF5}.Debug|ARM.ActiveCfg = Debug|Any CPU
		{5E001AA0-4A67-4ABE-8380-14F8E6264DF5}.Debug|ARM.Build.0 = Debug|Any CPU
		{5E001AA0-4A67-4ABE-8380-14F8E6264DF5}.Debug|ARM64.ActiveCfg = Debug|Any CPU
		{5E001AA0-4A67-4ABE-8380-14F8E6264DF5}.Debug|ARM64.Build.0 = Debug|Any CPU
		{5E001AA0-4A67-4ABE-8380-14F8E6264DF5}.Debug|Mixed Platforms.ActiveCfg = Debug|Any CPU
		{5E001AA0-4A67-4ABE-8380-14F8E6264DF5}.Debug|Mixed Platforms.Build.0 = Debug|Any CPU
		{5E001AA0-4A67-4ABE-8380-14F8E6264DF5}.Debug|x64.ActiveCfg = Debug|Any CPU
		{5E001AA0-4A67-4ABE-8380-14F8E6264DF5}.Debug|x64.Build.0 = Debug|Any CPU
		{5E001AA0-4A67-4ABE-8380-14F8E6264DF5}.Debug|x86.ActiveCfg = Debug|Any CPU
		{5E001AA0-4A67-4ABE-8380-14F8E6264DF5}.Debug|x86.Build.0 = Debug|Any CPU
		{5E001AA0-4A67-4ABE-8380-14F8E6264DF5}.Release|Any CPU.ActiveCfg = Release|Any CPU
		{5E001AA0-4A67-4ABE-8380-14F8E6264DF5}.Release|Any CPU.Build.0 = Release|Any CPU
		{5E001AA0-4A67-4ABE-8380-14F8E6264DF5}.Release|ARM.ActiveCfg = Release|Any CPU
		{5E001AA0-4A67-4ABE-8380-14F8E6264DF5}.Release|ARM.Build.0 = Release|Any CPU
		{5E001AA0-4A67-4ABE-8380-14F8E6264DF5}.Release|ARM64.ActiveCfg = Release|Any CPU
		{5E001AA0-4A67-4ABE-8380-14F8E6264DF5}.Release|ARM64.Build.0 = Release|Any CPU
		{5E001AA0-4A67-4ABE-8380-14F8E6264DF5}.Release|Mixed Platforms.ActiveCfg = Release|Any CPU
		{5E001AA0-4A67-4ABE-8380-14F8E6264DF5}.Release|Mixed Platforms.Build.0 = Release|Any CPU
		{5E001AA0-4A67-4ABE-8380-14F8E6264DF5}.Release|x64.ActiveCfg = Release|Any CPU
		{5E001AA0-4A67-4ABE-8380-14F8E6264DF5}.Release|x64.Build.0 = Release|Any CPU
		{5E001AA0-4A67-4ABE-8380-14F8E6264DF5}.Release|x86.ActiveCfg = Release|Any CPU
		{5E001AA0-4A67-4ABE-8380-14F8E6264DF5}.Release|x86.Build.0 = Release|Any CPU
		{6AA67E61-7FC6-4A46-8834-21E99C5E3BAD}.Debug|Any CPU.ActiveCfg = Debug|Any CPU
		{6AA67E61-7FC6-4A46-8834-21E99C5E3BAD}.Debug|Any CPU.Build.0 = Debug|Any CPU
		{6AA67E61-7FC6-4A46-8834-21E99C5E3BAD}.Debug|ARM.ActiveCfg = Debug|Any CPU
		{6AA67E61-7FC6-4A46-8834-21E99C5E3BAD}.Debug|ARM.Build.0 = Debug|Any CPU
		{6AA67E61-7FC6-4A46-8834-21E99C5E3BAD}.Debug|ARM64.ActiveCfg = Debug|Any CPU
		{6AA67E61-7FC6-4A46-8834-21E99C5E3BAD}.Debug|ARM64.Build.0 = Debug|Any CPU
		{6AA67E61-7FC6-4A46-8834-21E99C5E3BAD}.Debug|Mixed Platforms.ActiveCfg = Debug|Any CPU
		{6AA67E61-7FC6-4A46-8834-21E99C5E3BAD}.Debug|Mixed Platforms.Build.0 = Debug|Any CPU
		{6AA67E61-7FC6-4A46-8834-21E99C5E3BAD}.Debug|x64.ActiveCfg = Debug|Any CPU
		{6AA67E61-7FC6-4A46-8834-21E99C5E3BAD}.Debug|x64.Build.0 = Debug|Any CPU
		{6AA67E61-7FC6-4A46-8834-21E99C5E3BAD}.Debug|x86.ActiveCfg = Debug|Any CPU
		{6AA67E61-7FC6-4A46-8834-21E99C5E3BAD}.Debug|x86.Build.0 = Debug|Any CPU
		{6AA67E61-7FC6-4A46-8834-21E99C5E3BAD}.Release|Any CPU.ActiveCfg = Release|Any CPU
		{6AA67E61-7FC6-4A46-8834-21E99C5E3BAD}.Release|Any CPU.Build.0 = Release|Any CPU
		{6AA67E61-7FC6-4A46-8834-21E99C5E3BAD}.Release|ARM.ActiveCfg = Release|Any CPU
		{6AA67E61-7FC6-4A46-8834-21E99C5E3BAD}.Release|ARM.Build.0 = Release|Any CPU
		{6AA67E61-7FC6-4A46-8834-21E99C5E3BAD}.Release|ARM64.ActiveCfg = Release|Any CPU
		{6AA67E61-7FC6-4A46-8834-21E99C5E3BAD}.Release|ARM64.Build.0 = Release|Any CPU
		{6AA67E61-7FC6-4A46-8834-21E99C5E3BAD}.Release|Mixed Platforms.ActiveCfg = Release|Any CPU
		{6AA67E61-7FC6-4A46-8834-21E99C5E3BAD}.Release|Mixed Platforms.Build.0 = Release|Any CPU
		{6AA67E61-7FC6-4A46-8834-21E99C5E3BAD}.Release|x64.ActiveCfg = Release|Any CPU
		{6AA67E61-7FC6-4A46-8834-21E99C5E3BAD}.Release|x64.Build.0 = Release|Any CPU
		{6AA67E61-7FC6-4A46-8834-21E99C5E3BAD}.Release|x86.ActiveCfg = Release|Any CPU
		{6AA67E61-7FC6-4A46-8834-21E99C5E3BAD}.Release|x86.Build.0 = Release|Any CPU
		{943F891D-A177-4D6B-A5A2-9FFFD9CE5236}.Debug|Any CPU.ActiveCfg = Debug|Any CPU
		{943F891D-A177-4D6B-A5A2-9FFFD9CE5236}.Debug|Any CPU.Build.0 = Debug|Any CPU
		{943F891D-A177-4D6B-A5A2-9FFFD9CE5236}.Debug|ARM.ActiveCfg = Debug|Any CPU
		{943F891D-A177-4D6B-A5A2-9FFFD9CE5236}.Debug|ARM.Build.0 = Debug|Any CPU
		{943F891D-A177-4D6B-A5A2-9FFFD9CE5236}.Debug|ARM64.ActiveCfg = Debug|Any CPU
		{943F891D-A177-4D6B-A5A2-9FFFD9CE5236}.Debug|ARM64.Build.0 = Debug|Any CPU
		{943F891D-A177-4D6B-A5A2-9FFFD9CE5236}.Debug|Mixed Platforms.ActiveCfg = Debug|Any CPU
		{943F891D-A177-4D6B-A5A2-9FFFD9CE5236}.Debug|Mixed Platforms.Build.0 = Debug|Any CPU
		{943F891D-A177-4D6B-A5A2-9FFFD9CE5236}.Debug|x64.ActiveCfg = Debug|Any CPU
		{943F891D-A177-4D6B-A5A2-9FFFD9CE5236}.Debug|x64.Build.0 = Debug|Any CPU
		{943F891D-A177-4D6B-A5A2-9FFFD9CE5236}.Debug|x86.ActiveCfg = Debug|Any CPU
		{943F891D-A177-4D6B-A5A2-9FFFD9CE5236}.Debug|x86.Build.0 = Debug|Any CPU
		{943F891D-A177-4D6B-A5A2-9FFFD9CE5236}.Release|Any CPU.ActiveCfg = Release|Any CPU
		{943F891D-A177-4D6B-A5A2-9FFFD9CE5236}.Release|Any CPU.Build.0 = Release|Any CPU
		{943F891D-A177-4D6B-A5A2-9FFFD9CE5236}.Release|ARM.ActiveCfg = Release|Any CPU
		{943F891D-A177-4D6B-A5A2-9FFFD9CE5236}.Release|ARM.Build.0 = Release|Any CPU
		{943F891D-A177-4D6B-A5A2-9FFFD9CE5236}.Release|ARM64.ActiveCfg = Release|Any CPU
		{943F891D-A177-4D6B-A5A2-9FFFD9CE5236}.Release|ARM64.Build.0 = Release|Any CPU
		{943F891D-A177-4D6B-A5A2-9FFFD9CE5236}.Release|Mixed Platforms.ActiveCfg = Release|Any CPU
		{943F891D-A177-4D6B-A5A2-9FFFD9CE5236}.Release|Mixed Platforms.Build.0 = Release|Any CPU
		{943F891D-A177-4D6B-A5A2-9FFFD9CE5236}.Release|x64.ActiveCfg = Release|Any CPU
		{943F891D-A177-4D6B-A5A2-9FFFD9CE5236}.Release|x64.Build.0 = Release|Any CPU
		{943F891D-A177-4D6B-A5A2-9FFFD9CE5236}.Release|x86.ActiveCfg = Release|Any CPU
		{943F891D-A177-4D6B-A5A2-9FFFD9CE5236}.Release|x86.Build.0 = Release|Any CPU
		{37B667F7-2BAF-4A09-9EFF-2DA30640E83B}.Debug|Any CPU.ActiveCfg = Debug|Any CPU
		{37B667F7-2BAF-4A09-9EFF-2DA30640E83B}.Debug|Any CPU.Build.0 = Debug|Any CPU
		{37B667F7-2BAF-4A09-9EFF-2DA30640E83B}.Debug|ARM.ActiveCfg = Debug|Any CPU
		{37B667F7-2BAF-4A09-9EFF-2DA30640E83B}.Debug|ARM.Build.0 = Debug|Any CPU
		{37B667F7-2BAF-4A09-9EFF-2DA30640E83B}.Debug|ARM64.ActiveCfg = Debug|Any CPU
		{37B667F7-2BAF-4A09-9EFF-2DA30640E83B}.Debug|ARM64.Build.0 = Debug|Any CPU
		{37B667F7-2BAF-4A09-9EFF-2DA30640E83B}.Debug|Mixed Platforms.ActiveCfg = Debug|Any CPU
		{37B667F7-2BAF-4A09-9EFF-2DA30640E83B}.Debug|Mixed Platforms.Build.0 = Debug|Any CPU
		{37B667F7-2BAF-4A09-9EFF-2DA30640E83B}.Debug|x64.ActiveCfg = Debug|Any CPU
		{37B667F7-2BAF-4A09-9EFF-2DA30640E83B}.Debug|x64.Build.0 = Debug|Any CPU
		{37B667F7-2BAF-4A09-9EFF-2DA30640E83B}.Debug|x86.ActiveCfg = Debug|Any CPU
		{37B667F7-2BAF-4A09-9EFF-2DA30640E83B}.Debug|x86.Build.0 = Debug|Any CPU
		{37B667F7-2BAF-4A09-9EFF-2DA30640E83B}.Release|Any CPU.ActiveCfg = Release|Any CPU
		{37B667F7-2BAF-4A09-9EFF-2DA30640E83B}.Release|Any CPU.Build.0 = Release|Any CPU
		{37B667F7-2BAF-4A09-9EFF-2DA30640E83B}.Release|ARM.ActiveCfg = Release|Any CPU
		{37B667F7-2BAF-4A09-9EFF-2DA30640E83B}.Release|ARM.Build.0 = Release|Any CPU
		{37B667F7-2BAF-4A09-9EFF-2DA30640E83B}.Release|ARM64.ActiveCfg = Release|Any CPU
		{37B667F7-2BAF-4A09-9EFF-2DA30640E83B}.Release|ARM64.Build.0 = Release|Any CPU
		{37B667F7-2BAF-4A09-9EFF-2DA30640E83B}.Release|Mixed Platforms.ActiveCfg = Release|Any CPU
		{37B667F7-2BAF-4A09-9EFF-2DA30640E83B}.Release|Mixed Platforms.Build.0 = Release|Any CPU
		{37B667F7-2BAF-4A09-9EFF-2DA30640E83B}.Release|x64.ActiveCfg = Release|Any CPU
		{37B667F7-2BAF-4A09-9EFF-2DA30640E83B}.Release|x64.Build.0 = Release|Any CPU
		{37B667F7-2BAF-4A09-9EFF-2DA30640E83B}.Release|x86.ActiveCfg = Release|Any CPU
		{37B667F7-2BAF-4A09-9EFF-2DA30640E83B}.Release|x86.Build.0 = Release|Any CPU
		{8DB9EFDF-0527-4AF4-A8DD-32B1D29D9C93}.Debug|Any CPU.ActiveCfg = Debug|Any CPU
		{8DB9EFDF-0527-4AF4-A8DD-32B1D29D9C93}.Debug|Any CPU.Build.0 = Debug|Any CPU
		{8DB9EFDF-0527-4AF4-A8DD-32B1D29D9C93}.Debug|ARM.ActiveCfg = Debug|Any CPU
		{8DB9EFDF-0527-4AF4-A8DD-32B1D29D9C93}.Debug|ARM.Build.0 = Debug|Any CPU
		{8DB9EFDF-0527-4AF4-A8DD-32B1D29D9C93}.Debug|ARM64.ActiveCfg = Debug|Any CPU
		{8DB9EFDF-0527-4AF4-A8DD-32B1D29D9C93}.Debug|ARM64.Build.0 = Debug|Any CPU
		{8DB9EFDF-0527-4AF4-A8DD-32B1D29D9C93}.Debug|Mixed Platforms.ActiveCfg = Debug|Any CPU
		{8DB9EFDF-0527-4AF4-A8DD-32B1D29D9C93}.Debug|Mixed Platforms.Build.0 = Debug|Any CPU
		{8DB9EFDF-0527-4AF4-A8DD-32B1D29D9C93}.Debug|x64.ActiveCfg = Debug|Any CPU
		{8DB9EFDF-0527-4AF4-A8DD-32B1D29D9C93}.Debug|x64.Build.0 = Debug|Any CPU
		{8DB9EFDF-0527-4AF4-A8DD-32B1D29D9C93}.Debug|x86.ActiveCfg = Debug|Any CPU
		{8DB9EFDF-0527-4AF4-A8DD-32B1D29D9C93}.Debug|x86.Build.0 = Debug|Any CPU
		{8DB9EFDF-0527-4AF4-A8DD-32B1D29D9C93}.Release|Any CPU.ActiveCfg = Release|Any CPU
		{8DB9EFDF-0527-4AF4-A8DD-32B1D29D9C93}.Release|Any CPU.Build.0 = Release|Any CPU
		{8DB9EFDF-0527-4AF4-A8DD-32B1D29D9C93}.Release|ARM.ActiveCfg = Release|Any CPU
		{8DB9EFDF-0527-4AF4-A8DD-32B1D29D9C93}.Release|ARM.Build.0 = Release|Any CPU
		{8DB9EFDF-0527-4AF4-A8DD-32B1D29D9C93}.Release|ARM64.ActiveCfg = Release|Any CPU
		{8DB9EFDF-0527-4AF4-A8DD-32B1D29D9C93}.Release|ARM64.Build.0 = Release|Any CPU
		{8DB9EFDF-0527-4AF4-A8DD-32B1D29D9C93}.Release|Mixed Platforms.ActiveCfg = Release|Any CPU
		{8DB9EFDF-0527-4AF4-A8DD-32B1D29D9C93}.Release|Mixed Platforms.Build.0 = Release|Any CPU
		{8DB9EFDF-0527-4AF4-A8DD-32B1D29D9C93}.Release|x64.ActiveCfg = Release|Any CPU
		{8DB9EFDF-0527-4AF4-A8DD-32B1D29D9C93}.Release|x64.Build.0 = Release|Any CPU
		{8DB9EFDF-0527-4AF4-A8DD-32B1D29D9C93}.Release|x86.ActiveCfg = Release|Any CPU
		{8DB9EFDF-0527-4AF4-A8DD-32B1D29D9C93}.Release|x86.Build.0 = Release|Any CPU
		{6FE05F0F-7526-4AA1-A2E7-400D06FB20AD}.Debug|Any CPU.ActiveCfg = Debug|Any CPU
		{6FE05F0F-7526-4AA1-A2E7-400D06FB20AD}.Debug|Any CPU.Build.0 = Debug|Any CPU
		{6FE05F0F-7526-4AA1-A2E7-400D06FB20AD}.Debug|ARM.ActiveCfg = Debug|Any CPU
		{6FE05F0F-7526-4AA1-A2E7-400D06FB20AD}.Debug|ARM.Build.0 = Debug|Any CPU
		{6FE05F0F-7526-4AA1-A2E7-400D06FB20AD}.Debug|ARM64.ActiveCfg = Debug|Any CPU
		{6FE05F0F-7526-4AA1-A2E7-400D06FB20AD}.Debug|ARM64.Build.0 = Debug|Any CPU
		{6FE05F0F-7526-4AA1-A2E7-400D06FB20AD}.Debug|Mixed Platforms.ActiveCfg = Debug|Any CPU
		{6FE05F0F-7526-4AA1-A2E7-400D06FB20AD}.Debug|Mixed Platforms.Build.0 = Debug|Any CPU
		{6FE05F0F-7526-4AA1-A2E7-400D06FB20AD}.Debug|x64.ActiveCfg = Debug|Any CPU
		{6FE05F0F-7526-4AA1-A2E7-400D06FB20AD}.Debug|x64.Build.0 = Debug|Any CPU
		{6FE05F0F-7526-4AA1-A2E7-400D06FB20AD}.Debug|x86.ActiveCfg = Debug|Any CPU
		{6FE05F0F-7526-4AA1-A2E7-400D06FB20AD}.Debug|x86.Build.0 = Debug|Any CPU
		{6FE05F0F-7526-4AA1-A2E7-400D06FB20AD}.Release|Any CPU.ActiveCfg = Release|Any CPU
		{6FE05F0F-7526-4AA1-A2E7-400D06FB20AD}.Release|Any CPU.Build.0 = Release|Any CPU
		{6FE05F0F-7526-4AA1-A2E7-400D06FB20AD}.Release|ARM.ActiveCfg = Release|Any CPU
		{6FE05F0F-7526-4AA1-A2E7-400D06FB20AD}.Release|ARM.Build.0 = Release|Any CPU
		{6FE05F0F-7526-4AA1-A2E7-400D06FB20AD}.Release|ARM64.ActiveCfg = Release|Any CPU
		{6FE05F0F-7526-4AA1-A2E7-400D06FB20AD}.Release|ARM64.Build.0 = Release|Any CPU
		{6FE05F0F-7526-4AA1-A2E7-400D06FB20AD}.Release|Mixed Platforms.ActiveCfg = Release|Any CPU
		{6FE05F0F-7526-4AA1-A2E7-400D06FB20AD}.Release|Mixed Platforms.Build.0 = Release|Any CPU
		{6FE05F0F-7526-4AA1-A2E7-400D06FB20AD}.Release|x64.ActiveCfg = Release|Any CPU
		{6FE05F0F-7526-4AA1-A2E7-400D06FB20AD}.Release|x64.Build.0 = Release|Any CPU
		{6FE05F0F-7526-4AA1-A2E7-400D06FB20AD}.Release|x86.ActiveCfg = Release|Any CPU
		{6FE05F0F-7526-4AA1-A2E7-400D06FB20AD}.Release|x86.Build.0 = Release|Any CPU
		{0E6DCC42-5702-4B40-9580-9366B0C0E3B7}.Debug|Any CPU.ActiveCfg = Debug|x86
		{0E6DCC42-5702-4B40-9580-9366B0C0E3B7}.Debug|ARM.ActiveCfg = Debug|x86
		{0E6DCC42-5702-4B40-9580-9366B0C0E3B7}.Debug|ARM64.ActiveCfg = Debug|x86
		{0E6DCC42-5702-4B40-9580-9366B0C0E3B7}.Debug|Mixed Platforms.ActiveCfg = Debug|x86
		{0E6DCC42-5702-4B40-9580-9366B0C0E3B7}.Debug|Mixed Platforms.Build.0 = Debug|x86
		{0E6DCC42-5702-4B40-9580-9366B0C0E3B7}.Debug|x64.ActiveCfg = Debug|x86
		{0E6DCC42-5702-4B40-9580-9366B0C0E3B7}.Debug|x86.ActiveCfg = Debug|x86
		{0E6DCC42-5702-4B40-9580-9366B0C0E3B7}.Debug|x86.Build.0 = Debug|x86
		{0E6DCC42-5702-4B40-9580-9366B0C0E3B7}.Release|Any CPU.ActiveCfg = Release|x86
		{0E6DCC42-5702-4B40-9580-9366B0C0E3B7}.Release|ARM.ActiveCfg = Release|x86
		{0E6DCC42-5702-4B40-9580-9366B0C0E3B7}.Release|ARM64.ActiveCfg = Release|x86
		{0E6DCC42-5702-4B40-9580-9366B0C0E3B7}.Release|Mixed Platforms.ActiveCfg = Release|x86
		{0E6DCC42-5702-4B40-9580-9366B0C0E3B7}.Release|Mixed Platforms.Build.0 = Release|x86
		{0E6DCC42-5702-4B40-9580-9366B0C0E3B7}.Release|x64.ActiveCfg = Release|x86
		{0E6DCC42-5702-4B40-9580-9366B0C0E3B7}.Release|x86.ActiveCfg = Release|x86
		{0E6DCC42-5702-4B40-9580-9366B0C0E3B7}.Release|x86.Build.0 = Release|x86
		{0A6EB0C9-563F-47AC-A726-8176636D1169}.Debug|Any CPU.ActiveCfg = Debug|x86
		{0A6EB0C9-563F-47AC-A726-8176636D1169}.Debug|ARM.ActiveCfg = Debug|x86
		{0A6EB0C9-563F-47AC-A726-8176636D1169}.Debug|ARM64.ActiveCfg = Debug|x86
		{0A6EB0C9-563F-47AC-A726-8176636D1169}.Debug|Mixed Platforms.ActiveCfg = Debug|x86
		{0A6EB0C9-563F-47AC-A726-8176636D1169}.Debug|Mixed Platforms.Build.0 = Debug|x86
		{0A6EB0C9-563F-47AC-A726-8176636D1169}.Debug|x64.ActiveCfg = Debug|x86
		{0A6EB0C9-563F-47AC-A726-8176636D1169}.Debug|x86.ActiveCfg = Debug|x86
		{0A6EB0C9-563F-47AC-A726-8176636D1169}.Debug|x86.Build.0 = Debug|x86
		{0A6EB0C9-563F-47AC-A726-8176636D1169}.Release|Any CPU.ActiveCfg = Release|x86
		{0A6EB0C9-563F-47AC-A726-8176636D1169}.Release|ARM.ActiveCfg = Release|x86
		{0A6EB0C9-563F-47AC-A726-8176636D1169}.Release|ARM64.ActiveCfg = Release|x86
		{0A6EB0C9-563F-47AC-A726-8176636D1169}.Release|Mixed Platforms.ActiveCfg = Release|x86
		{0A6EB0C9-563F-47AC-A726-8176636D1169}.Release|Mixed Platforms.Build.0 = Release|x86
		{0A6EB0C9-563F-47AC-A726-8176636D1169}.Release|x64.ActiveCfg = Release|x86
		{0A6EB0C9-563F-47AC-A726-8176636D1169}.Release|x86.ActiveCfg = Release|x86
		{0A6EB0C9-563F-47AC-A726-8176636D1169}.Release|x86.Build.0 = Release|x86
		{04C0094D-AFEE-433E-A092-318D337B7EB6}.Debug|Any CPU.ActiveCfg = Debug|Any CPU
		{04C0094D-AFEE-433E-A092-318D337B7EB6}.Debug|Any CPU.Build.0 = Debug|Any CPU
		{04C0094D-AFEE-433E-A092-318D337B7EB6}.Debug|Any CPU.Deploy.0 = Debug|Any CPU
		{04C0094D-AFEE-433E-A092-318D337B7EB6}.Debug|ARM.ActiveCfg = Debug|ARM
		{04C0094D-AFEE-433E-A092-318D337B7EB6}.Debug|ARM.Build.0 = Debug|ARM
		{04C0094D-AFEE-433E-A092-318D337B7EB6}.Debug|ARM.Deploy.0 = Debug|ARM
		{04C0094D-AFEE-433E-A092-318D337B7EB6}.Debug|ARM64.ActiveCfg = Debug|ARM64
		{04C0094D-AFEE-433E-A092-318D337B7EB6}.Debug|ARM64.Build.0 = Debug|ARM64
		{04C0094D-AFEE-433E-A092-318D337B7EB6}.Debug|ARM64.Deploy.0 = Debug|ARM64
		{04C0094D-AFEE-433E-A092-318D337B7EB6}.Debug|Mixed Platforms.ActiveCfg = Debug|x86
		{04C0094D-AFEE-433E-A092-318D337B7EB6}.Debug|Mixed Platforms.Build.0 = Debug|x86
		{04C0094D-AFEE-433E-A092-318D337B7EB6}.Debug|Mixed Platforms.Deploy.0 = Debug|x86
		{04C0094D-AFEE-433E-A092-318D337B7EB6}.Debug|x64.ActiveCfg = Debug|x64
		{04C0094D-AFEE-433E-A092-318D337B7EB6}.Debug|x64.Build.0 = Debug|x64
		{04C0094D-AFEE-433E-A092-318D337B7EB6}.Debug|x64.Deploy.0 = Debug|x64
		{04C0094D-AFEE-433E-A092-318D337B7EB6}.Debug|x86.ActiveCfg = Debug|x86
		{04C0094D-AFEE-433E-A092-318D337B7EB6}.Debug|x86.Build.0 = Debug|x86
		{04C0094D-AFEE-433E-A092-318D337B7EB6}.Debug|x86.Deploy.0 = Debug|x86
		{04C0094D-AFEE-433E-A092-318D337B7EB6}.Release|Any CPU.ActiveCfg = Release|Any CPU
		{04C0094D-AFEE-433E-A092-318D337B7EB6}.Release|Any CPU.Build.0 = Release|Any CPU
		{04C0094D-AFEE-433E-A092-318D337B7EB6}.Release|Any CPU.Deploy.0 = Release|Any CPU
		{04C0094D-AFEE-433E-A092-318D337B7EB6}.Release|ARM.ActiveCfg = Release|ARM
		{04C0094D-AFEE-433E-A092-318D337B7EB6}.Release|ARM.Build.0 = Release|ARM
		{04C0094D-AFEE-433E-A092-318D337B7EB6}.Release|ARM.Deploy.0 = Release|ARM
		{04C0094D-AFEE-433E-A092-318D337B7EB6}.Release|ARM64.ActiveCfg = Release|ARM64
		{04C0094D-AFEE-433E-A092-318D337B7EB6}.Release|ARM64.Build.0 = Release|ARM64
		{04C0094D-AFEE-433E-A092-318D337B7EB6}.Release|ARM64.Deploy.0 = Release|ARM64
		{04C0094D-AFEE-433E-A092-318D337B7EB6}.Release|Mixed Platforms.ActiveCfg = Release|x86
		{04C0094D-AFEE-433E-A092-318D337B7EB6}.Release|Mixed Platforms.Build.0 = Release|x86
		{04C0094D-AFEE-433E-A092-318D337B7EB6}.Release|Mixed Platforms.Deploy.0 = Release|x86
		{04C0094D-AFEE-433E-A092-318D337B7EB6}.Release|x64.ActiveCfg = Release|x64
		{04C0094D-AFEE-433E-A092-318D337B7EB6}.Release|x64.Build.0 = Release|x64
		{04C0094D-AFEE-433E-A092-318D337B7EB6}.Release|x64.Deploy.0 = Release|x64
		{04C0094D-AFEE-433E-A092-318D337B7EB6}.Release|x86.ActiveCfg = Release|x86
		{04C0094D-AFEE-433E-A092-318D337B7EB6}.Release|x86.Build.0 = Release|x86
		{04C0094D-AFEE-433E-A092-318D337B7EB6}.Release|x86.Deploy.0 = Release|x86
	EndGlobalSection
	GlobalSection(SolutionProperties) = preSolution
		HideSolutionNode = FALSE
	EndGlobalSection
	GlobalSection(NestedProjects) = preSolution
		{1FAE6178-33C9-43A8-9C79-3DBA934F8E30} = {D3CEF4FB-E0BA-4025-B41A-47D08F04AD38}
		{09152C41-95A8-46C7-BDB2-88C7396D50CE} = {D3CEF4FB-E0BA-4025-B41A-47D08F04AD38}
		{18605E74-7FB7-4ED3-8305-AEFA0D16D050} = {D3CEF4FB-E0BA-4025-B41A-47D08F04AD38}
		{F8C68260-2741-4273-8E6E-42051F16B64F} = {D3CEF4FB-E0BA-4025-B41A-47D08F04AD38}
		{AE583B64-B78A-4AEA-B65D-BF178BB2C705} = {D3CEF4FB-E0BA-4025-B41A-47D08F04AD38}
		{7DBB5CEE-8F82-4B1A-8C95-A44D2BF5F9AF} = {D3CEF4FB-E0BA-4025-B41A-47D08F04AD38}
		{56ACC5BE-AB9E-47B1-A91E-C42C75C58809} = {D3CEF4FB-E0BA-4025-B41A-47D08F04AD38}
		{9669EF4C-246F-42B3-9B9E-1281ABE8136E} = {D3CEF4FB-E0BA-4025-B41A-47D08F04AD38}
		{25DF92D4-F0B1-40B8-AF5E-44CF9E0CA953} = {FE1D9F34-9F95-4F47-A2A4-BC0D138C0227}
		{07A5FE79-8FCF-4EFE-B0EA-FC427E9733B7} = {FE1D9F34-9F95-4F47-A2A4-BC0D138C0227}
		{215C6BDE-AA96-4A29-8D4C-AE0D324B1410} = {D3CEF4FB-E0BA-4025-B41A-47D08F04AD38}
		{D4DCF801-F0A1-4759-AC29-25A95106FB57} = {281B63FF-F259-46FC-AC37-269C10C05178}
		{5E001AA0-4A67-4ABE-8380-14F8E6264DF5} = {281B63FF-F259-46FC-AC37-269C10C05178}
		{6AA67E61-7FC6-4A46-8834-21E99C5E3BAD} = {D3CEF4FB-E0BA-4025-B41A-47D08F04AD38}
		{943F891D-A177-4D6B-A5A2-9FFFD9CE5236} = {D3CEF4FB-E0BA-4025-B41A-47D08F04AD38}
		{37B667F7-2BAF-4A09-9EFF-2DA30640E83B} = {D3CEF4FB-E0BA-4025-B41A-47D08F04AD38}
		{8DB9EFDF-0527-4AF4-A8DD-32B1D29D9C93} = {D3CEF4FB-E0BA-4025-B41A-47D08F04AD38}
		{6FE05F0F-7526-4AA1-A2E7-400D06FB20AD} = {D3CEF4FB-E0BA-4025-B41A-47D08F04AD38}
		{0E6DCC42-5702-4B40-9580-9366B0C0E3B7} = {84D56FD0-7AF4-4A2C-AB46-33AB62EA4E16}
		{0A6EB0C9-563F-47AC-A726-8176636D1169} = {84D56FD0-7AF4-4A2C-AB46-33AB62EA4E16}
		{04C0094D-AFEE-433E-A092-318D337B7EB6} = {84D56FD0-7AF4-4A2C-AB46-33AB62EA4E16}
	EndGlobalSection
	GlobalSection(ExtensibilityGlobals) = postSolution
		EnterpriseLibraryConfigurationToolBinariesPath = packages\Unity.2.1.505.0\lib\NET35;packages\Unity.Interception.2.1.505.0\lib\NET35;packages\EnterpriseLibrary.Common.5.0.505.0\lib\NET35;packages\EnterpriseLibrary.Logging.5.0.505.1\lib\NET35
		EnterpriseLibraryConfigurationToolBinariesPathV6 = packages\EnterpriseLibrary.Common.6.0.1304.0\lib\NET45;packages\EnterpriseLibrary.Logging.6.0.1304.0\lib\NET45
		SolutionGuid = {61479CDE-CF21-4240-8DDF-49A1D00549AA}
	EndGlobalSection
EndGlobal
